// !$*UTF8*$!
{
	archiveVersion = 1;
	classes = {
	};
	objectVersion = 52;
	objects = {

/* Begin PBXBuildFile section */
		F22438D626C3AB0100DA8460 /* CustomCollectionViewCell.swift in Sources */ = {isa = PBXBuildFile; fileRef = F22438D426C3AB0100DA8460 /* CustomCollectionViewCell.swift */; };
		F22438D726C3AB0100DA8460 /* CustomCollectionViewCell.xib in Resources */ = {isa = PBXBuildFile; fileRef = F22438D526C3AB0100DA8460 /* CustomCollectionViewCell.xib */; };
		F2600D7A26DF5C010059496D /* EatTableViewCell.swift in Sources */ = {isa = PBXBuildFile; fileRef = F2600D7826DF5C010059496D /* EatTableViewCell.swift */; };
		F2600D7B26DF5C010059496D /* EatTableViewCell.xib in Resources */ = {isa = PBXBuildFile; fileRef = F2600D7926DF5C010059496D /* EatTableViewCell.xib */; };
		F2600D7F26DF721B0059496D /* EatData.swift in Sources */ = {isa = PBXBuildFile; fileRef = F2600D7E26DF721B0059496D /* EatData.swift */; };
		F2600D8126DF72660059496D /* Business.swift in Sources */ = {isa = PBXBuildFile; fileRef = F2600D8026DF72660059496D /* Business.swift */; };
		F2600D8526DF753E0059496D /* Categorie.swift in Sources */ = {isa = PBXBuildFile; fileRef = F2600D8426DF753E0059496D /* Categorie.swift */; };
		F2600D8826DF76C30059496D /* AlamofireImage in Frameworks */ = {isa = PBXBuildFile; productRef = F2600D8726DF76C30059496D /* AlamofireImage */; };
		F2600D8A26DF7A020059496D /* Location.swift in Sources */ = {isa = PBXBuildFile; fileRef = F2600D8926DF7A020059496D /* Location.swift */; };
		F272EB1C26DE72D400C85C55 /* JokeTableViewCell.swift in Sources */ = {isa = PBXBuildFile; fileRef = F272EB1A26DE72D400C85C55 /* JokeTableViewCell.swift */; };
		F272EB1D26DE72D400C85C55 /* JokeTableViewCell.xib in Resources */ = {isa = PBXBuildFile; fileRef = F272EB1B26DE72D400C85C55 /* JokeTableViewCell.xib */; };
		F272EB1F26DE743D00C85C55 /* Joke.swift in Sources */ = {isa = PBXBuildFile; fileRef = F272EB1E26DE743D00C85C55 /* Joke.swift */; };
		F272EB2126DE749700C85C55 /* JokeData.swift in Sources */ = {isa = PBXBuildFile; fileRef = F272EB2026DE749700C85C55 /* JokeData.swift */; };
		F272EB2426DE766B00C85C55 /* Alamofire in Frameworks */ = {isa = PBXBuildFile; productRef = F272EB2326DE766B00C85C55 /* Alamofire */; };
		F51D479D26B968BB0073B193 /* UIColor.swift in Sources */ = {isa = PBXBuildFile; fileRef = F51D479C26B968BB0073B193 /* UIColor.swift */; };
		F51D47A726B96BCD0073B193 /* Regex.swift in Sources */ = {isa = PBXBuildFile; fileRef = F51D47A626B96BCD0073B193 /* Regex.swift */; };
		F51D47AE26B970EF0073B193 /* CustomTextField.swift in Sources */ = {isa = PBXBuildFile; fileRef = F51D47AD26B970EF0073B193 /* CustomTextField.swift */; };
		F5233B2326788E09001A94A7 /* MoveViewController.swift in Sources */ = {isa = PBXBuildFile; fileRef = F5233B2226788E09001A94A7 /* MoveViewController.swift */; };
		F5233B2626788E1A001A94A7 /* EatViewController.swift in Sources */ = {isa = PBXBuildFile; fileRef = F5233B2526788E1A001A94A7 /* EatViewController.swift */; };
		F5233B2926788E30001A94A7 /* SmileViewController.swift in Sources */ = {isa = PBXBuildFile; fileRef = F5233B2826788E30001A94A7 /* SmileViewController.swift */; };
		F5233B2C26788E55001A94A7 /* HomeViewController.swift in Sources */ = {isa = PBXBuildFile; fileRef = F5233B2B26788E55001A94A7 /* HomeViewController.swift */; };
		F5233B3726789699001A94A7 /* CustomTabBarViewController.swift in Sources */ = {isa = PBXBuildFile; fileRef = F5233B3626789699001A94A7 /* CustomTabBarViewController.swift */; };
		F5233B3A267896BE001A94A7 /* CustomNavigationViewController.swift in Sources */ = {isa = PBXBuildFile; fileRef = F5233B39267896BE001A94A7 /* CustomNavigationViewController.swift */; };
		F5ECEF762664E3500042DEAD /* AppDelegate.swift in Sources */ = {isa = PBXBuildFile; fileRef = F5ECEF752664E3500042DEAD /* AppDelegate.swift */; };
		F5ECEF782664E3500042DEAD /* SceneDelegate.swift in Sources */ = {isa = PBXBuildFile; fileRef = F5ECEF772664E3500042DEAD /* SceneDelegate.swift */; };
		F5ECEF7A2664E3500042DEAD /* ViewController.swift in Sources */ = {isa = PBXBuildFile; fileRef = F5ECEF792664E3500042DEAD /* ViewController.swift */; };
		F5ECEF7D2664E3500042DEAD /* Main.storyboard in Resources */ = {isa = PBXBuildFile; fileRef = F5ECEF7B2664E3500042DEAD /* Main.storyboard */; };
		F5ECEF7F2664E3530042DEAD /* Assets.xcassets in Resources */ = {isa = PBXBuildFile; fileRef = F5ECEF7E2664E3530042DEAD /* Assets.xcassets */; };
		F5ECEF822664E3530042DEAD /* LaunchScreen.storyboard in Resources */ = {isa = PBXBuildFile; fileRef = F5ECEF802664E3530042DEAD /* LaunchScreen.storyboard */; };
/* End PBXBuildFile section */

/* Begin PBXFileReference section */
		F22438D426C3AB0100DA8460 /* CustomCollectionViewCell.swift */ = {isa = PBXFileReference; lastKnownFileType = sourcecode.swift; path = CustomCollectionViewCell.swift; sourceTree = "<group>"; };
		F22438D526C3AB0100DA8460 /* CustomCollectionViewCell.xib */ = {isa = PBXFileReference; lastKnownFileType = file.xib; path = CustomCollectionViewCell.xib; sourceTree = "<group>"; };
		F2600D7826DF5C010059496D /* EatTableViewCell.swift */ = {isa = PBXFileReference; lastKnownFileType = sourcecode.swift; path = EatTableViewCell.swift; sourceTree = "<group>"; };
		F2600D7926DF5C010059496D /* EatTableViewCell.xib */ = {isa = PBXFileReference; lastKnownFileType = file.xib; path = EatTableViewCell.xib; sourceTree = "<group>"; };
		F2600D7E26DF721B0059496D /* EatData.swift */ = {isa = PBXFileReference; lastKnownFileType = sourcecode.swift; path = EatData.swift; sourceTree = "<group>"; };
		F2600D8026DF72660059496D /* Business.swift */ = {isa = PBXFileReference; lastKnownFileType = sourcecode.swift; path = Business.swift; sourceTree = "<group>"; };
		F2600D8426DF753E0059496D /* Categorie.swift */ = {isa = PBXFileReference; lastKnownFileType = sourcecode.swift; path = Categorie.swift; sourceTree = "<group>"; };
		F2600D8926DF7A020059496D /* Location.swift */ = {isa = PBXFileReference; lastKnownFileType = sourcecode.swift; path = Location.swift; sourceTree = "<group>"; };
		F272EB1A26DE72D400C85C55 /* JokeTableViewCell.swift */ = {isa = PBXFileReference; lastKnownFileType = sourcecode.swift; path = JokeTableViewCell.swift; sourceTree = "<group>"; };
		F272EB1B26DE72D400C85C55 /* JokeTableViewCell.xib */ = {isa = PBXFileReference; lastKnownFileType = file.xib; path = JokeTableViewCell.xib; sourceTree = "<group>"; };
		F272EB1E26DE743D00C85C55 /* Joke.swift */ = {isa = PBXFileReference; lastKnownFileType = sourcecode.swift; path = Joke.swift; sourceTree = "<group>"; };
		F272EB2026DE749700C85C55 /* JokeData.swift */ = {isa = PBXFileReference; lastKnownFileType = sourcecode.swift; path = JokeData.swift; sourceTree = "<group>"; };
		F51D479C26B968BB0073B193 /* UIColor.swift */ = {isa = PBXFileReference; lastKnownFileType = sourcecode.swift; path = UIColor.swift; sourceTree = "<group>"; };
		F51D47A626B96BCD0073B193 /* Regex.swift */ = {isa = PBXFileReference; fileEncoding = 4; lastKnownFileType = sourcecode.swift; name = Regex.swift; path = ../../../../Downloads/FR004/Regex.swift; sourceTree = "<group>"; };
		F51D47AD26B970EF0073B193 /* CustomTextField.swift */ = {isa = PBXFileReference; lastKnownFileType = sourcecode.swift; path = CustomTextField.swift; sourceTree = "<group>"; };
		F5233B2226788E09001A94A7 /* MoveViewController.swift */ = {isa = PBXFileReference; lastKnownFileType = sourcecode.swift; path = MoveViewController.swift; sourceTree = "<group>"; };
		F5233B2526788E1A001A94A7 /* EatViewController.swift */ = {isa = PBXFileReference; lastKnownFileType = sourcecode.swift; path = EatViewController.swift; sourceTree = "<group>"; };
		F5233B2826788E30001A94A7 /* SmileViewController.swift */ = {isa = PBXFileReference; lastKnownFileType = sourcecode.swift; path = SmileViewController.swift; sourceTree = "<group>"; };
		F5233B2B26788E55001A94A7 /* HomeViewController.swift */ = {isa = PBXFileReference; lastKnownFileType = sourcecode.swift; path = HomeViewController.swift; sourceTree = "<group>"; };
		F5233B3626789699001A94A7 /* CustomTabBarViewController.swift */ = {isa = PBXFileReference; lastKnownFileType = sourcecode.swift; path = CustomTabBarViewController.swift; sourceTree = "<group>"; };
		F5233B39267896BE001A94A7 /* CustomNavigationViewController.swift */ = {isa = PBXFileReference; lastKnownFileType = sourcecode.swift; path = CustomNavigationViewController.swift; sourceTree = "<group>"; };
		F5ECEF722664E3500042DEAD /* FilRouge.app */ = {isa = PBXFileReference; explicitFileType = wrapper.application; includeInIndex = 0; path = FilRouge.app; sourceTree = BUILT_PRODUCTS_DIR; };
		F5ECEF752664E3500042DEAD /* AppDelegate.swift */ = {isa = PBXFileReference; lastKnownFileType = sourcecode.swift; path = AppDelegate.swift; sourceTree = "<group>"; };
		F5ECEF772664E3500042DEAD /* SceneDelegate.swift */ = {isa = PBXFileReference; lastKnownFileType = sourcecode.swift; path = SceneDelegate.swift; sourceTree = "<group>"; };
		F5ECEF792664E3500042DEAD /* ViewController.swift */ = {isa = PBXFileReference; lastKnownFileType = sourcecode.swift; path = ViewController.swift; sourceTree = "<group>"; };
		F5ECEF7C2664E3500042DEAD /* Base */ = {isa = PBXFileReference; lastKnownFileType = file.storyboard; name = Base; path = Base.lproj/Main.storyboard; sourceTree = "<group>"; };
		F5ECEF7E2664E3530042DEAD /* Assets.xcassets */ = {isa = PBXFileReference; lastKnownFileType = folder.assetcatalog; path = Assets.xcassets; sourceTree = "<group>"; };
		F5ECEF812664E3530042DEAD /* Base */ = {isa = PBXFileReference; lastKnownFileType = file.storyboard; name = Base; path = Base.lproj/LaunchScreen.storyboard; sourceTree = "<group>"; };
		F5ECEF832664E3530042DEAD /* Info.plist */ = {isa = PBXFileReference; lastKnownFileType = text.plist.xml; path = Info.plist; sourceTree = "<group>"; };
/* End PBXFileReference section */

/* Begin PBXFrameworksBuildPhase section */
		F5ECEF6F2664E3500042DEAD /* Frameworks */ = {
			isa = PBXFrameworksBuildPhase;
			buildActionMask = 2147483647;
			files = (
				F272EB2426DE766B00C85C55 /* Alamofire in Frameworks */,
				F2600D8826DF76C30059496D /* AlamofireImage in Frameworks */,
			);
			runOnlyForDeploymentPostprocessing = 0;
		};
/* End PBXFrameworksBuildPhase section */

/* Begin PBXGroup section */
		F5ECEF692664E3500042DEAD = {
			isa = PBXGroup;
			children = (
				F5ECEF742664E3500042DEAD /* FilRouge */,
				F5ECEF732664E3500042DEAD /* Products */,
			);
			sourceTree = "<group>";
		};
		F5ECEF732664E3500042DEAD /* Products */ = {
			isa = PBXGroup;
			children = (
				F5ECEF722664E3500042DEAD /* FilRouge.app */,
			);
			name = Products;
			sourceTree = "<group>";
		};
		F5ECEF742664E3500042DEAD /* FilRouge */ = {
			isa = PBXGroup;
			children = (
				F5ECEF752664E3500042DEAD /* AppDelegate.swift */,
				F5ECEF772664E3500042DEAD /* SceneDelegate.swift */,
				F5ECEF792664E3500042DEAD /* ViewController.swift */,
				F5ECEF7B2664E3500042DEAD /* Main.storyboard */,
				F5ECEF7E2664E3530042DEAD /* Assets.xcassets */,
				F5ECEF802664E3530042DEAD /* LaunchScreen.storyboard */,
				F5ECEF832664E3530042DEAD /* Info.plist */,
				F5233B2226788E09001A94A7 /* MoveViewController.swift */,
				F5233B2526788E1A001A94A7 /* EatViewController.swift */,
				F5233B2826788E30001A94A7 /* SmileViewController.swift */,
				F5233B2B26788E55001A94A7 /* HomeViewController.swift */,
				F5233B3626789699001A94A7 /* CustomTabBarViewController.swift */,
				F5233B39267896BE001A94A7 /* CustomNavigationViewController.swift */,
				F51D479C26B968BB0073B193 /* UIColor.swift */,
				F51D47A626B96BCD0073B193 /* Regex.swift */,
				F51D47AD26B970EF0073B193 /* CustomTextField.swift */,
				F22438D426C3AB0100DA8460 /* CustomCollectionViewCell.swift */,
				F22438D526C3AB0100DA8460 /* CustomCollectionViewCell.xib */,
				F272EB1A26DE72D400C85C55 /* JokeTableViewCell.swift */,
				F272EB1B26DE72D400C85C55 /* JokeTableViewCell.xib */,
				F272EB1E26DE743D00C85C55 /* Joke.swift */,
				F272EB2026DE749700C85C55 /* JokeData.swift */,
				F2600D7826DF5C010059496D /* EatTableViewCell.swift */,
				F2600D7926DF5C010059496D /* EatTableViewCell.xib */,
				F2600D7E26DF721B0059496D /* EatData.swift */,
				F2600D8026DF72660059496D /* Business.swift */,
				F2600D8426DF753E0059496D /* Categorie.swift */,
				F2600D8926DF7A020059496D /* Location.swift */,
			);
			path = FilRouge;
			sourceTree = "<group>";
		};
/* End PBXGroup section */

/* Begin PBXNativeTarget section */
		F5ECEF712664E3500042DEAD /* FilRouge */ = {
			isa = PBXNativeTarget;
			buildConfigurationList = F5ECEF862664E3530042DEAD /* Build configuration list for PBXNativeTarget "FilRouge" */;
			buildPhases = (
				F5ECEF6E2664E3500042DEAD /* Sources */,
				F5ECEF6F2664E3500042DEAD /* Frameworks */,
				F5ECEF702664E3500042DEAD /* Resources */,
			);
			buildRules = (
			);
			dependencies = (
			);
			name = FilRouge;
			packageProductDependencies = (
				F272EB2326DE766B00C85C55 /* Alamofire */,
				F2600D8726DF76C30059496D /* AlamofireImage */,
			);
			productName = FilRouge;
			productReference = F5ECEF722664E3500042DEAD /* FilRouge.app */;
			productType = "com.apple.product-type.application";
		};
/* End PBXNativeTarget section */

/* Begin PBXProject section */
		F5ECEF6A2664E3500042DEAD /* Project object */ = {
			isa = PBXProject;
			attributes = {
				KnownAssetTags = (
					1,
				);
				LastSwiftUpdateCheck = 1240;
				LastUpgradeCheck = 1240;
				TargetAttributes = {
					F5ECEF712664E3500042DEAD = {
						CreatedOnToolsVersion = 12.4;
					};
				};
			};
			buildConfigurationList = F5ECEF6D2664E3500042DEAD /* Build configuration list for PBXProject "FilRouge" */;
			compatibilityVersion = "Xcode 9.3";
			developmentRegion = en;
			hasScannedForEncodings = 0;
			knownRegions = (
				en,
				Base,
			);
			mainGroup = F5ECEF692664E3500042DEAD;
			packageReferences = (
				F272EB2226DE766B00C85C55 /* XCRemoteSwiftPackageReference "Alamofire" */,
				F2600D8626DF76C30059496D /* XCRemoteSwiftPackageReference "AlamofireImage" */,
			);
			productRefGroup = F5ECEF732664E3500042DEAD /* Products */;
			projectDirPath = "";
			projectRoot = "";
			targets = (
				F5ECEF712664E3500042DEAD /* FilRouge */,
			);
		};
/* End PBXProject section */

/* Begin PBXResourcesBuildPhase section */
		F5ECEF702664E3500042DEAD /* Resources */ = {
			isa = PBXResourcesBuildPhase;
			buildActionMask = 2147483647;
			files = (
				F5ECEF822664E3530042DEAD /* LaunchScreen.storyboard in Resources */,
				F5ECEF7F2664E3530042DEAD /* Assets.xcassets in Resources */,
				F2600D7B26DF5C010059496D /* EatTableViewCell.xib in Resources */,
				F272EB1D26DE72D400C85C55 /* JokeTableViewCell.xib in Resources */,
				F5ECEF7D2664E3500042DEAD /* Main.storyboard in Resources */,
				F22438D726C3AB0100DA8460 /* CustomCollectionViewCell.xib in Resources */,
			);
			runOnlyForDeploymentPostprocessing = 0;
		};
/* End PBXResourcesBuildPhase section */

/* Begin PBXSourcesBuildPhase section */
		F5ECEF6E2664E3500042DEAD /* Sources */ = {
			isa = PBXSourcesBuildPhase;
			buildActionMask = 2147483647;
			files = (
				F2600D7A26DF5C010059496D /* EatTableViewCell.swift in Sources */,
				F2600D8526DF753E0059496D /* Categorie.swift in Sources */,
				F51D47AE26B970EF0073B193 /* CustomTextField.swift in Sources */,
				F5ECEF7A2664E3500042DEAD /* ViewController.swift in Sources */,
				F5233B2626788E1A001A94A7 /* EatViewController.swift in Sources */,
				F22438D626C3AB0100DA8460 /* CustomCollectionViewCell.swift in Sources */,
				F2600D8126DF72660059496D /* Business.swift in Sources */,
				F5233B3726789699001A94A7 /* CustomTabBarViewController.swift in Sources */,
				F5233B2326788E09001A94A7 /* MoveViewController.swift in Sources */,
				F272EB1C26DE72D400C85C55 /* JokeTableViewCell.swift in Sources */,
				F2600D7F26DF721B0059496D /* EatData.swift in Sources */,
				F5ECEF762664E3500042DEAD /* AppDelegate.swift in Sources */,
				F51D47A726B96BCD0073B193 /* Regex.swift in Sources */,
				F2600D8A26DF7A020059496D /* Location.swift in Sources */,
				F5ECEF782664E3500042DEAD /* SceneDelegate.swift in Sources */,
				F5233B2C26788E55001A94A7 /* HomeViewController.swift in Sources */,
				F272EB1F26DE743D00C85C55 /* Joke.swift in Sources */,
				F272EB2126DE749700C85C55 /* JokeData.swift in Sources */,
				F5233B3A267896BE001A94A7 /* CustomNavigationViewController.swift in Sources */,
				F5233B2926788E30001A94A7 /* SmileViewController.swift in Sources */,
				F51D479D26B968BB0073B193 /* UIColor.swift in Sources */,
			);
			runOnlyForDeploymentPostprocessing = 0;
		};
/* End PBXSourcesBuildPhase section */

/* Begin PBXVariantGroup section */
		F5ECEF7B2664E3500042DEAD /* Main.storyboard */ = {
			isa = PBXVariantGroup;
			children = (
				F5ECEF7C2664E3500042DEAD /* Base */,
			);
			name = Main.storyboard;
			sourceTree = "<group>";
		};
		F5ECEF802664E3530042DEAD /* LaunchScreen.storyboard */ = {
			isa = PBXVariantGroup;
			children = (
				F5ECEF812664E3530042DEAD /* Base */,
			);
			name = LaunchScreen.storyboard;
			sourceTree = "<group>";
		};
/* End PBXVariantGroup section */

/* Begin XCBuildConfiguration section */
		F5ECEF842664E3530042DEAD /* Debug */ = {
			isa = XCBuildConfiguration;
			buildSettings = {
				ALWAYS_SEARCH_USER_PATHS = NO;
				CLANG_ANALYZER_NONNULL = YES;
				CLANG_ANALYZER_NUMBER_OBJECT_CONVERSION = YES_AGGRESSIVE;
				CLANG_CXX_LANGUAGE_STANDARD = "gnu++14";
				CLANG_CXX_LIBRARY = "libc++";
				CLANG_ENABLE_MODULES = YES;
				CLANG_ENABLE_OBJC_ARC = YES;
				CLANG_ENABLE_OBJC_WEAK = YES;
				CLANG_WARN_BLOCK_CAPTURE_AUTORELEASING = YES;
				CLANG_WARN_BOOL_CONVERSION = YES;
				CLANG_WARN_COMMA = YES;
				CLANG_WARN_CONSTANT_CONVERSION = YES;
				CLANG_WARN_DEPRECATED_OBJC_IMPLEMENTATIONS = YES;
				CLANG_WARN_DIRECT_OBJC_ISA_USAGE = YES_ERROR;
				CLANG_WARN_DOCUMENTATION_COMMENTS = YES;
				CLANG_WARN_EMPTY_BODY = YES;
				CLANG_WARN_ENUM_CONVERSION = YES;
				CLANG_WARN_INFINITE_RECURSION = YES;
				CLANG_WARN_INT_CONVERSION = YES;
				CLANG_WARN_NON_LITERAL_NULL_CONVERSION = YES;
				CLANG_WARN_OBJC_IMPLICIT_RETAIN_SELF = YES;
				CLANG_WARN_OBJC_LITERAL_CONVERSION = YES;
				CLANG_WARN_OBJC_ROOT_CLASS = YES_ERROR;
				CLANG_WARN_QUOTED_INCLUDE_IN_FRAMEWORK_HEADER = YES;
				CLANG_WARN_RANGE_LOOP_ANALYSIS = YES;
				CLANG_WARN_STRICT_PROTOTYPES = YES;
				CLANG_WARN_SUSPICIOUS_MOVE = YES;
				CLANG_WARN_UNGUARDED_AVAILABILITY = YES_AGGRESSIVE;
				CLANG_WARN_UNREACHABLE_CODE = YES;
				CLANG_WARN__DUPLICATE_METHOD_MATCH = YES;
				COPY_PHASE_STRIP = NO;
				DEBUG_INFORMATION_FORMAT = dwarf;
				ENABLE_STRICT_OBJC_MSGSEND = YES;
				ENABLE_TESTABILITY = YES;
				GCC_C_LANGUAGE_STANDARD = gnu11;
				GCC_DYNAMIC_NO_PIC = NO;
				GCC_NO_COMMON_BLOCKS = YES;
				GCC_OPTIMIZATION_LEVEL = 0;
				GCC_PREPROCESSOR_DEFINITIONS = (
					"DEBUG=1",
					"$(inherited)",
				);
				GCC_WARN_64_TO_32_BIT_CONVERSION = YES;
				GCC_WARN_ABOUT_RETURN_TYPE = YES_ERROR;
				GCC_WARN_UNDECLARED_SELECTOR = YES;
				GCC_WARN_UNINITIALIZED_AUTOS = YES_AGGRESSIVE;
				GCC_WARN_UNUSED_FUNCTION = YES;
				GCC_WARN_UNUSED_VARIABLE = YES;
				IPHONEOS_DEPLOYMENT_TARGET = 14.4;
				MTL_ENABLE_DEBUG_INFO = INCLUDE_SOURCE;
				MTL_FAST_MATH = YES;
				ONLY_ACTIVE_ARCH = YES;
				SDKROOT = iphoneos;
				SWIFT_ACTIVE_COMPILATION_CONDITIONS = DEBUG;
				SWIFT_OPTIMIZATION_LEVEL = "-Onone";
			};
			name = Debug;
		};
		F5ECEF852664E3530042DEAD /* Release */ = {
			isa = XCBuildConfiguration;
			buildSettings = {
				ALWAYS_SEARCH_USER_PATHS = NO;
				CLANG_ANALYZER_NONNULL = YES;
				CLANG_ANALYZER_NUMBER_OBJECT_CONVERSION = YES_AGGRESSIVE;
				CLANG_CXX_LANGUAGE_STANDARD = "gnu++14";
				CLANG_CXX_LIBRARY = "libc++";
				CLANG_ENABLE_MODULES = YES;
				CLANG_ENABLE_OBJC_ARC = YES;
				CLANG_ENABLE_OBJC_WEAK = YES;
				CLANG_WARN_BLOCK_CAPTURE_AUTORELEASING = YES;
				CLANG_WARN_BOOL_CONVERSION = YES;
				CLANG_WARN_COMMA = YES;
				CLANG_WARN_CONSTANT_CONVERSION = YES;
				CLANG_WARN_DEPRECATED_OBJC_IMPLEMENTATIONS = YES;
				CLANG_WARN_DIRECT_OBJC_ISA_USAGE = YES_ERROR;
				CLANG_WARN_DOCUMENTATION_COMMENTS = YES;
				CLANG_WARN_EMPTY_BODY = YES;
				CLANG_WARN_ENUM_CONVERSION = YES;
				CLANG_WARN_INFINITE_RECURSION = YES;
				CLANG_WARN_INT_CONVERSION = YES;
				CLANG_WARN_NON_LITERAL_NULL_CONVERSION = YES;
				CLANG_WARN_OBJC_IMPLICIT_RETAIN_SELF = YES;
				CLANG_WARN_OBJC_LITERAL_CONVERSION = YES;
				CLANG_WARN_OBJC_ROOT_CLASS = YES_ERROR;
				CLANG_WARN_QUOTED_INCLUDE_IN_FRAMEWORK_HEADER = YES;
				CLANG_WARN_RANGE_LOOP_ANALYSIS = YES;
				CLANG_WARN_STRICT_PROTOTYPES = YES;
				CLANG_WARN_SUSPICIOUS_MOVE = YES;
				CLANG_WARN_UNGUARDED_AVAILABILITY = YES_AGGRESSIVE;
				CLANG_WARN_UNREACHABLE_CODE = YES;
				CLANG_WARN__DUPLICATE_METHOD_MATCH = YES;
				COPY_PHASE_STRIP = NO;
				DEBUG_INFORMATION_FORMAT = "dwarf-with-dsym";
				ENABLE_NS_ASSERTIONS = NO;
				ENABLE_STRICT_OBJC_MSGSEND = YES;
				GCC_C_LANGUAGE_STANDARD = gnu11;
				GCC_NO_COMMON_BLOCKS = YES;
				GCC_WARN_64_TO_32_BIT_CONVERSION = YES;
				GCC_WARN_ABOUT_RETURN_TYPE = YES_ERROR;
				GCC_WARN_UNDECLARED_SELECTOR = YES;
				GCC_WARN_UNINITIALIZED_AUTOS = YES_AGGRESSIVE;
				GCC_WARN_UNUSED_FUNCTION = YES;
				GCC_WARN_UNUSED_VARIABLE = YES;
				IPHONEOS_DEPLOYMENT_TARGET = 14.4;
				MTL_ENABLE_DEBUG_INFO = NO;
				MTL_FAST_MATH = YES;
				SDKROOT = iphoneos;
				SWIFT_COMPILATION_MODE = wholemodule;
				SWIFT_OPTIMIZATION_LEVEL = "-O";
				VALIDATE_PRODUCT = YES;
			};
			name = Release;
		};
		F5ECEF872664E3530042DEAD /* Debug */ = {
			isa = XCBuildConfiguration;
			buildSettings = {
				ASSETCATALOG_COMPILER_APPICON_NAME = AppIcon;
				ASSETCATALOG_COMPILER_GLOBAL_ACCENT_COLOR_NAME = AccentColor;
				CODE_SIGN_STYLE = Automatic;
				INFOPLIST_FILE = FilRouge/Info.plist;
				LD_RUNPATH_SEARCH_PATHS = (
					"$(inherited)",
					"@executable_path/Frameworks",
				);
				PRODUCT_BUNDLE_IDENTIFIER = com.technipixl.filRouge.FilRouge;
				PRODUCT_NAME = "$(TARGET_NAME)";
				SWIFT_VERSION = 5.0;
				TARGETED_DEVICE_FAMILY = "1,2";
			};
			name = Debug;
		};
		F5ECEF882664E3530042DEAD /* Release */ = {
			isa = XCBuildConfiguration;
			buildSettings = {
				ASSETCATALOG_COMPILER_APPICON_NAME = AppIcon;
				ASSETCATALOG_COMPILER_GLOBAL_ACCENT_COLOR_NAME = AccentColor;
				CODE_SIGN_STYLE = Automatic;
				INFOPLIST_FILE = FilRouge/Info.plist;
				LD_RUNPATH_SEARCH_PATHS = (
					"$(inherited)",
					"@executable_path/Frameworks",
				);
				PRODUCT_BUNDLE_IDENTIFIER = com.technipixl.filRouge.FilRouge;
				PRODUCT_NAME = "$(TARGET_NAME)";
				SWIFT_VERSION = 5.0;
				TARGETED_DEVICE_FAMILY = "1,2";
			};
			name = Release;
		};
/* End XCBuildConfiguration section */

/* Begin XCConfigurationList section */
		F5ECEF6D2664E3500042DEAD /* Build configuration list for PBXProject "FilRouge" */ = {
			isa = XCConfigurationList;
			buildConfigurations = (
				F5ECEF842664E3530042DEAD /* Debug */,
				F5ECEF852664E3530042DEAD /* Release */,
			);
			defaultConfigurationIsVisible = 0;
			defaultConfigurationName = Release;
		};
		F5ECEF862664E3530042DEAD /* Build configuration list for PBXNativeTarget "FilRouge" */ = {
			isa = XCConfigurationList;
			buildConfigurations = (
				F5ECEF872664E3530042DEAD /* Debug */,
				F5ECEF882664E3530042DEAD /* Release */,
			);
			defaultConfigurationIsVisible = 0;
			defaultConfigurationName = Release;
		};
/* End XCConfigurationList section */

/* Begin XCRemoteSwiftPackageReference section */
		F2600D8626DF76C30059496D /* XCRemoteSwiftPackageReference "AlamofireImage" */ = {
			isa = XCRemoteSwiftPackageReference;
			repositoryURL = "https://github.com/Alamofire/AlamofireImage";
			requirement = {
				kind = upToNextMajorVersion;
				minimumVersion = 4.2.0;
			};
		};
		F272EB2226DE766B00C85C55 /* XCRemoteSwiftPackageReference "Alamofire" */ = {
			isa = XCRemoteSwiftPackageReference;
			repositoryURL = "https://github.com/Alamofire/Alamofire";
			requirement = {
				kind = upToNextMajorVersion;
				minimumVersion = 5.4.3;
			};
		};
/* End XCRemoteSwiftPackageReference section */

/* Begin XCSwiftPackageProductDependency section */
		F2600D8726DF76C30059496D /* AlamofireImage */ = {
			isa = XCSwiftPackageProductDependency;
			package = F2600D8626DF76C30059496D /* XCRemoteSwiftPackageReference "AlamofireImage" */;
			productName = AlamofireImage;
		};
		F272EB2326DE766B00C85C55 /* Alamofire */ = {
			isa = XCSwiftPackageProductDependency;
			package = F272EB2226DE766B00C85C55 /* XCRemoteSwiftPackageReference "Alamofire" */;
			productName = Alamofire;
		};
/* End XCSwiftPackageProductDependency section */
	};
	rootObject = F5ECEF6A2664E3500042DEAD /* Project object */;
}
